
Microsoft Visual Studio Solution File, Format Version 12.00
# Visual Studio Version 17
VisualStudioVersion = 17.4.33103.184
MinimumVisualStudioVersion = 10.0.40219.1
Project("{FAE04EC0-301F-11D3-BF4B-00C04F79EFBC}") = "Roman to Int Leetcode", "Roman to Int Leetcode\Roman to Int Leetcode.csproj", "{05B5F204-0CD0-4A9D-A595-A850F734351E}"
EndProject
Global
	GlobalSection(SolutionConfigurationPlatforms) = preSolution
		Debug|Any CPU = Debug|Any CPU
		Release|Any CPU = Release|Any CPU
	EndGlobalSection
	GlobalSection(ProjectConfigurationPlatforms) = postSolution
		{05B5F204-0CD0-4A9D-A595-A850F734351E}.Debug|Any CPU.ActiveCfg = Debug|Any CPU
		{05B5F204-0CD0-4A9D-A595-A850F734351E}.Debug|Any CPU.Build.0 = Debug|Any CPU
		{05B5F204-0CD0-4A9D-A595-A850F734351E}.Release|Any CPU.ActiveCfg = Release|Any CPU
		{05B5F204-0CD0-4A9D-A595-A850F734351E}.Release|Any CPU.Build.0 = Release|Any CPU
	EndGlobalSection
	GlobalSection(SolutionProperties) = preSolution
		HideSolutionNode = FALSE
	EndGlobalSection
	GlobalSection(ExtensibilityGlobals) = postSolution
		SolutionGuid = {916C2CFA-7A24-43C7-8B3F-64AF577A1775}
	EndGlobalSection
EndGlobal
